// !$*UTF8*$!
{
	archiveVersion = 1;
	classes = {
	};
	objectVersion = 48;
	objects = {

/* Begin PBXBuildFile section */
		23654C011FC197090066EEBF /* AppDelegate.m in Sources */ = {isa = PBXBuildFile; fileRef = 23654C001FC197090066EEBF /* AppDelegate.m */; };
		23654C041FC197090066EEBF /* ViewController.m in Sources */ = {isa = PBXBuildFile; fileRef = 23654C031FC197090066EEBF /* ViewController.m */; };
		23654C071FC197090066EEBF /* Main.storyboard in Resources */ = {isa = PBXBuildFile; fileRef = 23654C051FC197090066EEBF /* Main.storyboard */; };
		23654C091FC197090066EEBF /* Assets.xcassets in Resources */ = {isa = PBXBuildFile; fileRef = 23654C081FC197090066EEBF /* Assets.xcassets */; };
		23654C0C1FC197090066EEBF /* LaunchScreen.storyboard in Resources */ = {isa = PBXBuildFile; fileRef = 23654C0A1FC197090066EEBF /* LaunchScreen.storyboard */; };
		23654C0F1FC197090066EEBF /* main.m in Sources */ = {isa = PBXBuildFile; fileRef = 23654C0E1FC197090066EEBF /* main.m */; };
		23654C191FC197090066EEBF /* PrivacyPermissionExampleTests.m in Sources */ = {isa = PBXBuildFile; fileRef = 23654C181FC197090066EEBF /* PrivacyPermissionExampleTests.m */; };
		23654C241FC197090066EEBF /* PrivacyPermissionExampleUITests.m in Sources */ = {isa = PBXBuildFile; fileRef = 23654C231FC197090066EEBF /* PrivacyPermissionExampleUITests.m */; };
		23654C341FC197250066EEBF /* PrivacyPermission.m in Sources */ = {isa = PBXBuildFile; fileRef = 23654C331FC197250066EEBF /* PrivacyPermission.m */; };
		23654C481FC1D9BF0066EEBF /* InfoPlist.strings in Resources */ = {isa = PBXBuildFile; fileRef = 23654C4A1FC1D9BF0066EEBF /* InfoPlist.strings */; };
		23654C511FC1DAC40066EEBF /* Localizable.strings in Resources */ = {isa = PBXBuildFile; fileRef = 23654C531FC1DAC40066EEBF /* Localizable.strings */; };
/* End PBXBuildFile section */

/* Begin PBXContainerItemProxy section */
		23654C151FC197090066EEBF /* PBXContainerItemProxy */ = {
			isa = PBXContainerItemProxy;
			containerPortal = 23654BF41FC197090066EEBF /* Project object */;
			proxyType = 1;
			remoteGlobalIDString = 23654BFB1FC197090066EEBF;
			remoteInfo = PrivacyPermissionExample;
		};
		23654C201FC197090066EEBF /* PBXContainerItemProxy */ = {
			isa = PBXContainerItemProxy;
			containerPortal = 23654BF41FC197090066EEBF /* Project object */;
			proxyType = 1;
			remoteGlobalIDString = 23654BFB1FC197090066EEBF;
			remoteInfo = PrivacyPermissionExample;
		};
/* End PBXContainerItemProxy section */

/* Begin PBXFileReference section */
		23654BFC1FC197090066EEBF /* PrivacyPermissionExample.app */ = {isa = PBXFileReference; explicitFileType = wrapper.application; includeInIndex = 0; path = PrivacyPermissionExample.app; sourceTree = BUILT_PRODUCTS_DIR; };
		23654BFF1FC197090066EEBF /* AppDelegate.h */ = {isa = PBXFileReference; lastKnownFileType = sourcecode.c.h; path = AppDelegate.h; sourceTree = "<group>"; };
		23654C001FC197090066EEBF /* AppDelegate.m */ = {isa = PBXFileReference; lastKnownFileType = sourcecode.c.objc; path = AppDelegate.m; sourceTree = "<group>"; };
		23654C021FC197090066EEBF /* ViewController.h */ = {isa = PBXFileReference; lastKnownFileType = sourcecode.c.h; path = ViewController.h; sourceTree = "<group>"; };
		23654C031FC197090066EEBF /* ViewController.m */ = {isa = PBXFileReference; lastKnownFileType = sourcecode.c.objc; path = ViewController.m; sourceTree = "<group>"; };
		23654C061FC197090066EEBF /* Base */ = {isa = PBXFileReference; lastKnownFileType = file.storyboard; name = Base; path = Base.lproj/Main.storyboard; sourceTree = "<group>"; };
		23654C081FC197090066EEBF /* Assets.xcassets */ = {isa = PBXFileReference; lastKnownFileType = folder.assetcatalog; path = Assets.xcassets; sourceTree = "<group>"; };
		23654C0B1FC197090066EEBF /* Base */ = {isa = PBXFileReference; lastKnownFileType = file.storyboard; name = Base; path = Base.lproj/LaunchScreen.storyboard; sourceTree = "<group>"; };
		23654C0D1FC197090066EEBF /* Info.plist */ = {isa = PBXFileReference; lastKnownFileType = text.plist.xml; path = Info.plist; sourceTree = "<group>"; };
		23654C0E1FC197090066EEBF /* main.m */ = {isa = PBXFileReference; lastKnownFileType = sourcecode.c.objc; path = main.m; sourceTree = "<group>"; };
		23654C141FC197090066EEBF /* PrivacyPermissionExampleTests.xctest */ = {isa = PBXFileReference; explicitFileType = wrapper.cfbundle; includeInIndex = 0; path = PrivacyPermissionExampleTests.xctest; sourceTree = BUILT_PRODUCTS_DIR; };
		23654C181FC197090066EEBF /* PrivacyPermissionExampleTests.m */ = {isa = PBXFileReference; lastKnownFileType = sourcecode.c.objc; path = PrivacyPermissionExampleTests.m; sourceTree = "<group>"; };
		23654C1A1FC197090066EEBF /* Info.plist */ = {isa = PBXFileReference; lastKnownFileType = text.plist.xml; path = Info.plist; sourceTree = "<group>"; };
		23654C1F1FC197090066EEBF /* PrivacyPermissionExampleUITests.xctest */ = {isa = PBXFileReference; explicitFileType = wrapper.cfbundle; includeInIndex = 0; path = PrivacyPermissionExampleUITests.xctest; sourceTree = BUILT_PRODUCTS_DIR; };
		23654C231FC197090066EEBF /* PrivacyPermissionExampleUITests.m */ = {isa = PBXFileReference; lastKnownFileType = sourcecode.c.objc; path = PrivacyPermissionExampleUITests.m; sourceTree = "<group>"; };
		23654C251FC197090066EEBF /* Info.plist */ = {isa = PBXFileReference; lastKnownFileType = text.plist.xml; path = Info.plist; sourceTree = "<group>"; };
		23654C321FC197250066EEBF /* PrivacyPermission.h */ = {isa = PBXFileReference; lastKnownFileType = sourcecode.c.h; path = PrivacyPermission.h; sourceTree = "<group>"; };
		23654C331FC197250066EEBF /* PrivacyPermission.m */ = {isa = PBXFileReference; lastKnownFileType = sourcecode.c.objc; path = PrivacyPermission.m; sourceTree = "<group>"; };
		23654C491FC1D9BF0066EEBF /* en */ = {isa = PBXFileReference; lastKnownFileType = text.plist.strings; name = en; path = en.lproj/InfoPlist.strings; sourceTree = "<group>"; };
		23654C4C1FC1DA000066EEBF /* zh-Hans */ = {isa = PBXFileReference; lastKnownFileType = text.plist.strings; name = "zh-Hans"; path = "zh-Hans.lproj/Main.strings"; sourceTree = "<group>"; };
		23654C4D1FC1DA000066EEBF /* zh-Hans */ = {isa = PBXFileReference; lastKnownFileType = text.plist.strings; name = "zh-Hans"; path = "zh-Hans.lproj/LaunchScreen.strings"; sourceTree = "<group>"; };
		23654C4E1FC1DA510066EEBF /* zh-Hans */ = {isa = PBXFileReference; lastKnownFileType = text.plist.strings; name = "zh-Hans"; path = "zh-Hans.lproj/InfoPlist.strings"; sourceTree = "<group>"; };
		23654C521FC1DAC40066EEBF /* en */ = {isa = PBXFileReference; lastKnownFileType = text.plist.strings; name = en; path = en.lproj/Localizable.strings; sourceTree = "<group>"; };
		23654C541FC1DAC60066EEBF /* zh-Hans */ = {isa = PBXFileReference; lastKnownFileType = text.plist.strings; name = "zh-Hans"; path = "zh-Hans.lproj/Localizable.strings"; sourceTree = "<group>"; };
/* End PBXFileReference section */

/* Begin PBXFrameworksBuildPhase section */
		23654BF91FC197090066EEBF /* Frameworks */ = {
			isa = PBXFrameworksBuildPhase;
			buildActionMask = 2147483647;
			files = (
			);
			runOnlyForDeploymentPostprocessing = 0;
		};
		23654C111FC197090066EEBF /* Frameworks */ = {
			isa = PBXFrameworksBuildPhase;
			buildActionMask = 2147483647;
			files = (
			);
			runOnlyForDeploymentPostprocessing = 0;
		};
		23654C1C1FC197090066EEBF /* Frameworks */ = {
			isa = PBXFrameworksBuildPhase;
			buildActionMask = 2147483647;
			files = (
			);
			runOnlyForDeploymentPostprocessing = 0;
		};
/* End PBXFrameworksBuildPhase section */

/* Begin PBXGroup section */
		23654BF31FC197090066EEBF = {
			isa = PBXGroup;
			children = (
				23654C311FC197140066EEBF /* PrivacyPermission */,
				23654BFE1FC197090066EEBF /* PrivacyPermissionExample */,
				23654C171FC197090066EEBF /* PrivacyPermissionExampleTests */,
				23654C221FC197090066EEBF /* PrivacyPermissionExampleUITests */,
				23654BFD1FC197090066EEBF /* Products */,
				23654C3D1FC1C9F20066EEBF /* Frameworks */,
			);
			sourceTree = "<group>";
		};
		23654BFD1FC197090066EEBF /* Products */ = {
			isa = PBXGroup;
			children = (
				23654BFC1FC197090066EEBF /* PrivacyPermissionExample.app */,
				23654C141FC197090066EEBF /* PrivacyPermissionExampleTests.xctest */,
				23654C1F1FC197090066EEBF /* PrivacyPermissionExampleUITests.xctest */,
			);
			name = Products;
			sourceTree = "<group>";
		};
		23654BFE1FC197090066EEBF /* PrivacyPermissionExample */ = {
			isa = PBXGroup;
			children = (
				23654BFF1FC197090066EEBF /* AppDelegate.h */,
				23654C001FC197090066EEBF /* AppDelegate.m */,
				23654C021FC197090066EEBF /* ViewController.h */,
				23654C031FC197090066EEBF /* ViewController.m */,
				23654C051FC197090066EEBF /* Main.storyboard */,
				23654C081FC197090066EEBF /* Assets.xcassets */,
				23654C0A1FC197090066EEBF /* LaunchScreen.storyboard */,
				23654C0D1FC197090066EEBF /* Info.plist */,
				23654C0E1FC197090066EEBF /* main.m */,
				23654C4A1FC1D9BF0066EEBF /* InfoPlist.strings */,
				23654C531FC1DAC40066EEBF /* Localizable.strings */,
			);
			path = PrivacyPermissionExample;
			sourceTree = "<group>";
		};
		23654C171FC197090066EEBF /* PrivacyPermissionExampleTests */ = {
			isa = PBXGroup;
			children = (
				23654C181FC197090066EEBF /* PrivacyPermissionExampleTests.m */,
				23654C1A1FC197090066EEBF /* Info.plist */,
			);
			path = PrivacyPermissionExampleTests;
			sourceTree = "<group>";
		};
		23654C221FC197090066EEBF /* PrivacyPermissionExampleUITests */ = {
			isa = PBXGroup;
			children = (
				23654C231FC197090066EEBF /* PrivacyPermissionExampleUITests.m */,
				23654C251FC197090066EEBF /* Info.plist */,
			);
			path = PrivacyPermissionExampleUITests;
			sourceTree = "<group>";
		};
		23654C311FC197140066EEBF /* PrivacyPermission */ = {
			isa = PBXGroup;
			children = (
				23654C321FC197250066EEBF /* PrivacyPermission.h */,
				23654C331FC197250066EEBF /* PrivacyPermission.m */,
			);
			name = PrivacyPermission;
			path = ../PrivacyPermission;
			sourceTree = "<group>";
		};
		23654C3D1FC1C9F20066EEBF /* Frameworks */ = {
			isa = PBXGroup;
			children = (
			);
			name = Frameworks;
			sourceTree = "<group>";
		};
/* End PBXGroup section */

/* Begin PBXNativeTarget section */
		23654BFB1FC197090066EEBF /* PrivacyPermissionExample */ = {
			isa = PBXNativeTarget;
			buildConfigurationList = 23654C281FC197090066EEBF /* Build configuration list for PBXNativeTarget "PrivacyPermissionExample" */;
			buildPhases = (
				23654BF81FC197090066EEBF /* Sources */,
				23654BF91FC197090066EEBF /* Frameworks */,
				23654BFA1FC197090066EEBF /* Resources */,
			);
			buildRules = (
			);
			dependencies = (
			);
			name = PrivacyPermissionExample;
			productName = PrivacyPermissionExample;
			productReference = 23654BFC1FC197090066EEBF /* PrivacyPermissionExample.app */;
			productType = "com.apple.product-type.application";
		};
		23654C131FC197090066EEBF /* PrivacyPermissionExampleTests */ = {
			isa = PBXNativeTarget;
			buildConfigurationList = 23654C2B1FC197090066EEBF /* Build configuration list for PBXNativeTarget "PrivacyPermissionExampleTests" */;
			buildPhases = (
				23654C101FC197090066EEBF /* Sources */,
				23654C111FC197090066EEBF /* Frameworks */,
				23654C121FC197090066EEBF /* Resources */,
			);
			buildRules = (
			);
			dependencies = (
				23654C161FC197090066EEBF /* PBXTargetDependency */,
			);
			name = PrivacyPermissionExampleTests;
			productName = PrivacyPermissionExampleTests;
			productReference = 23654C141FC197090066EEBF /* PrivacyPermissionExampleTests.xctest */;
			productType = "com.apple.product-type.bundle.unit-test";
		};
		23654C1E1FC197090066EEBF /* PrivacyPermissionExampleUITests */ = {
			isa = PBXNativeTarget;
			buildConfigurationList = 23654C2E1FC197090066EEBF /* Build configuration list for PBXNativeTarget "PrivacyPermissionExampleUITests" */;
			buildPhases = (
				23654C1B1FC197090066EEBF /* Sources */,
				23654C1C1FC197090066EEBF /* Frameworks */,
				23654C1D1FC197090066EEBF /* Resources */,
			);
			buildRules = (
			);
			dependencies = (
				23654C211FC197090066EEBF /* PBXTargetDependency */,
			);
			name = PrivacyPermissionExampleUITests;
			productName = PrivacyPermissionExampleUITests;
			productReference = 23654C1F1FC197090066EEBF /* PrivacyPermissionExampleUITests.xctest */;
			productType = "com.apple.product-type.bundle.ui-testing";
		};
/* End PBXNativeTarget section */

/* Begin PBXProject section */
		23654BF41FC197090066EEBF /* Project object */ = {
			isa = PBXProject;
			attributes = {
				LastUpgradeCheck = 0930;
				ORGANIZATIONNAME = PrivacyPermission;
				TargetAttributes = {
					23654BFB1FC197090066EEBF = {
						CreatedOnToolsVersion = 9.1;
						ProvisioningStyle = Automatic;
						SystemCapabilities = {
							com.apple.HealthKit = {
								enabled = 0;
							};
							com.apple.HomeKit = {
								enabled = 0;
							};
						};
					};
					23654C131FC197090066EEBF = {
						CreatedOnToolsVersion = 9.1;
						ProvisioningStyle = Automatic;
						TestTargetID = 23654BFB1FC197090066EEBF;
					};
					23654C1E1FC197090066EEBF = {
						CreatedOnToolsVersion = 9.1;
						ProvisioningStyle = Automatic;
						TestTargetID = 23654BFB1FC197090066EEBF;
					};
				};
			};
			buildConfigurationList = 23654BF71FC197090066EEBF /* Build configuration list for PBXProject "PrivacyPermissionExample" */;
			compatibilityVersion = "Xcode 8.0";
			developmentRegion = en;
			hasScannedForEncodings = 0;
			knownRegions = (
				en,
				Base,
				"zh-Hans",
			);
			mainGroup = 23654BF31FC197090066EEBF;
			productRefGroup = 23654BFD1FC197090066EEBF /* Products */;
			projectDirPath = "";
			projectRoot = "";
			targets = (
				23654BFB1FC197090066EEBF /* PrivacyPermissionExample */,
				23654C131FC197090066EEBF /* PrivacyPermissionExampleTests */,
				23654C1E1FC197090066EEBF /* PrivacyPermissionExampleUITests */,
			);
		};
/* End PBXProject section */

/* Begin PBXResourcesBuildPhase section */
		23654BFA1FC197090066EEBF /* Resources */ = {
			isa = PBXResourcesBuildPhase;
			buildActionMask = 2147483647;
			files = (
				23654C511FC1DAC40066EEBF /* Localizable.strings in Resources */,
				23654C0C1FC197090066EEBF /* LaunchScreen.storyboard in Resources */,
				23654C481FC1D9BF0066EEBF /* InfoPlist.strings in Resources */,
				23654C091FC197090066EEBF /* Assets.xcassets in Resources */,
				23654C071FC197090066EEBF /* Main.storyboard in Resources */,
			);
			runOnlyForDeploymentPostprocessing = 0;
		};
		23654C121FC197090066EEBF /* Resources */ = {
			isa = PBXResourcesBuildPhase;
			buildActionMask = 2147483647;
			files = (
			);
			runOnlyForDeploymentPostprocessing = 0;
		};
		23654C1D1FC197090066EEBF /* Resources */ = {
			isa = PBXResourcesBuildPhase;
			buildActionMask = 2147483647;
			files = (
			);
			runOnlyForDeploymentPostprocessing = 0;
		};
/* End PBXResourcesBuildPhase section */

/* Begin PBXSourcesBuildPhase section */
		23654BF81FC197090066EEBF /* Sources */ = {
			isa = PBXSourcesBuildPhase;
			buildActionMask = 2147483647;
			files = (
				23654C041FC197090066EEBF /* ViewController.m in Sources */,
				23654C341FC197250066EEBF /* PrivacyPermission.m in Sources */,
				23654C0F1FC197090066EEBF /* main.m in Sources */,
				23654C011FC197090066EEBF /* AppDelegate.m in Sources */,
			);
			runOnlyForDeploymentPostprocessing = 0;
		};
		23654C101FC197090066EEBF /* Sources */ = {
			isa = PBXSourcesBuildPhase;
			buildActionMask = 2147483647;
			files = (
				23654C191FC197090066EEBF /* PrivacyPermissionExampleTests.m in Sources */,
			);
			runOnlyForDeploymentPostprocessing = 0;
		};
		23654C1B1FC197090066EEBF /* Sources */ = {
			isa = PBXSourcesBuildPhase;
			buildActionMask = 2147483647;
			files = (
				23654C241FC197090066EEBF /* PrivacyPermissionExampleUITests.m in Sources */,
			);
			runOnlyForDeploymentPostprocessing = 0;
		};
/* End PBXSourcesBuildPhase section */

/* Begin PBXTargetDependency section */
		23654C161FC197090066EEBF /* PBXTargetDependency */ = {
			isa = PBXTargetDependency;
			target = 23654BFB1FC197090066EEBF /* PrivacyPermissionExample */;
			targetProxy = 23654C151FC197090066EEBF /* PBXContainerItemProxy */;
		};
		23654C211FC197090066EEBF /* PBXTargetDependency */ = {
			isa = PBXTargetDependency;
			target = 23654BFB1FC197090066EEBF /* PrivacyPermissionExample */;
			targetProxy = 23654C201FC197090066EEBF /* PBXContainerItemProxy */;
		};
/* End PBXTargetDependency section */

/* Begin PBXVariantGroup section */
		23654C051FC197090066EEBF /* Main.storyboard */ = {
			isa = PBXVariantGroup;
			children = (
				23654C061FC197090066EEBF /* Base */,
				23654C4C1FC1DA000066EEBF /* zh-Hans */,
			);
			name = Main.storyboard;
			sourceTree = "<group>";
		};
		23654C0A1FC197090066EEBF /* LaunchScreen.storyboard */ = {
			isa = PBXVariantGroup;
			children = (
				23654C0B1FC197090066EEBF /* Base */,
				23654C4D1FC1DA000066EEBF /* zh-Hans */,
			);
			name = LaunchScreen.storyboard;
			sourceTree = "<group>";
		};
		23654C4A1FC1D9BF0066EEBF /* InfoPlist.strings */ = {
			isa = PBXVariantGroup;
			children = (
				23654C491FC1D9BF0066EEBF /* en */,
				23654C4E1FC1DA510066EEBF /* zh-Hans */,
			);
			name = InfoPlist.strings;
			sourceTree = "<group>";
		};
		23654C531FC1DAC40066EEBF /* Localizable.strings */ = {
			isa = PBXVariantGroup;
			children = (
				23654C521FC1DAC40066EEBF /* en */,
				23654C541FC1DAC60066EEBF /* zh-Hans */,
			);
			name = Localizable.strings;
			sourceTree = "<group>";
		};
/* End PBXVariantGroup section */

/* Begin XCBuildConfiguration section */
		23654C261FC197090066EEBF /* Debug */ = {
			isa = XCBuildConfiguration;
			buildSettings = {
				ALWAYS_SEARCH_USER_PATHS = NO;
				CLANG_ANALYZER_LOCALIZABILITY_NONLOCALIZED = YES;
				CLANG_ANALYZER_NONNULL = YES;
				CLANG_ANALYZER_NUMBER_OBJECT_CONVERSION = YES_AGGRESSIVE;
				CLANG_CXX_LANGUAGE_STANDARD = "gnu++14";
				CLANG_CXX_LIBRARY = "libc++";
				CLANG_ENABLE_MODULES = YES;
				CLANG_ENABLE_OBJC_ARC = YES;
				CLANG_WARN_BLOCK_CAPTURE_AUTORELEASING = YES;
				CLANG_WARN_BOOL_CONVERSION = YES;
				CLANG_WARN_COMMA = YES;
				CLANG_WARN_CONSTANT_CONVERSION = YES;
				CLANG_WARN_DEPRECATED_OBJC_IMPLEMENTATIONS = YES;
				CLANG_WARN_DIRECT_OBJC_ISA_USAGE = YES_ERROR;
				CLANG_WARN_DOCUMENTATION_COMMENTS = YES;
				CLANG_WARN_EMPTY_BODY = YES;
				CLANG_WARN_ENUM_CONVERSION = YES;
				CLANG_WARN_INFINITE_RECURSION = YES;
				CLANG_WARN_INT_CONVERSION = YES;
				CLANG_WARN_NON_LITERAL_NULL_CONVERSION = YES;
				CLANG_WARN_OBJC_IMPLICIT_RETAIN_SELF = YES;
				CLANG_WARN_OBJC_LITERAL_CONVERSION = YES;
				CLANG_WARN_OBJC_ROOT_CLASS = YES_ERROR;
				CLANG_WARN_RANGE_LOOP_ANALYSIS = YES;
				CLANG_WARN_STRICT_PROTOTYPES = YES;
				CLANG_WARN_SUSPICIOUS_MOVE = YES;
				CLANG_WARN_UNGUARDED_AVAILABILITY = YES_AGGRESSIVE;
				CLANG_WARN_UNREACHABLE_CODE = YES;
				CLANG_WARN__DUPLICATE_METHOD_MATCH = YES;
				CODE_SIGN_IDENTITY = "iPhone Developer";
				COPY_PHASE_STRIP = NO;
				DEBUG_INFORMATION_FORMAT = dwarf;
				ENABLE_STRICT_OBJC_MSGSEND = YES;
				ENABLE_TESTABILITY = YES;
				GCC_C_LANGUAGE_STANDARD = gnu11;
				GCC_DYNAMIC_NO_PIC = NO;
				GCC_NO_COMMON_BLOCKS = YES;
				GCC_OPTIMIZATION_LEVEL = 0;
				GCC_PREPROCESSOR_DEFINITIONS = (
					"DEBUG=1",
					"$(inherited)",
				);
				GCC_WARN_64_TO_32_BIT_CONVERSION = YES;
				GCC_WARN_ABOUT_RETURN_TYPE = YES_ERROR;
				GCC_WARN_UNDECLARED_SELECTOR = YES;
				GCC_WARN_UNINITIALIZED_AUTOS = YES_AGGRESSIVE;
				GCC_WARN_UNUSED_FUNCTION = YES;
				GCC_WARN_UNUSED_VARIABLE = YES;
				IPHONEOS_DEPLOYMENT_TARGET = 8.0;
				MTL_ENABLE_DEBUG_INFO = YES;
				ONLY_ACTIVE_ARCH = YES;
				SDKROOT = iphoneos;
			};
			name = Debug;
		};
		23654C271FC197090066EEBF /* Release */ = {
			isa = XCBuildConfiguration;
			buildSettings = {
				ALWAYS_SEARCH_USER_PATHS = NO;
				CLANG_ANALYZER_LOCALIZABILITY_NONLOCALIZED = YES;
				CLANG_ANALYZER_NONNULL = YES;
				CLANG_ANALYZER_NUMBER_OBJECT_CONVERSION = YES_AGGRESSIVE;
				CLANG_CXX_LANGUAGE_STANDARD = "gnu++14";
				CLANG_CXX_LIBRARY = "libc++";
				CLANG_ENABLE_MODULES = YES;
				CLANG_ENABLE_OBJC_ARC = YES;
				CLANG_WARN_BLOCK_CAPTURE_AUTORELEASING = YES;
				CLANG_WARN_BOOL_CONVERSION = YES;
				CLANG_WARN_COMMA = YES;
				CLANG_WARN_CONSTANT_CONVERSION = YES;
				CLANG_WARN_DEPRECATED_OBJC_IMPLEMENTATIONS = YES;
				CLANG_WARN_DIRECT_OBJC_ISA_USAGE = YES_ERROR;
				CLANG_WARN_DOCUMENTATION_COMMENTS = YES;
				CLANG_WARN_EMPTY_BODY = YES;
				CLANG_WARN_ENUM_CONVERSION = YES;
				CLANG_WARN_INFINITE_RECURSION = YES;
				CLANG_WARN_INT_CONVERSION = YES;
				CLANG_WARN_NON_LITERAL_NULL_CONVERSION = YES;
				CLANG_WARN_OBJC_IMPLICIT_RETAIN_SELF = YES;
				CLANG_WARN_OBJC_LITERAL_CONVERSION = YES;
				CLANG_WARN_OBJC_ROOT_CLASS = YES_ERROR;
				CLANG_WARN_RANGE_LOOP_ANALYSIS = YES;
				CLANG_WARN_STRICT_PROTOTYPES = YES;
				CLANG_WARN_SUSPICIOUS_MOVE = YES;
				CLANG_WARN_UNGUARDED_AVAILABILITY = YES_AGGRESSIVE;
				CLANG_WARN_UNREACHABLE_CODE = YES;
				CLANG_WARN__DUPLICATE_METHOD_MATCH = YES;
				CODE_SIGN_IDENTITY = "iPhone Developer";
				COPY_PHASE_STRIP = NO;
				DEBUG_INFORMATION_FORMAT = "dwarf-with-dsym";
				ENABLE_NS_ASSERTIONS = NO;
				ENABLE_STRICT_OBJC_MSGSEND = YES;
				GCC_C_LANGUAGE_STANDARD = gnu11;
				GCC_NO_COMMON_BLOCKS = YES;
				GCC_WARN_64_TO_32_BIT_CONVERSION = YES;
				GCC_WARN_ABOUT_RETURN_TYPE = YES_ERROR;
				GCC_WARN_UNDECLARED_SELECTOR = YES;
				GCC_WARN_UNINITIALIZED_AUTOS = YES_AGGRESSIVE;
				GCC_WARN_UNUSED_FUNCTION = YES;
				GCC_WARN_UNUSED_VARIABLE = YES;
				IPHONEOS_DEPLOYMENT_TARGET = 8.0;
				MTL_ENABLE_DEBUG_INFO = NO;
				SDKROOT = iphoneos;
				VALIDATE_PRODUCT = YES;
			};
			name = Release;
		};
		23654C291FC197090066EEBF /* Debug */ = {
			isa = XCBuildConfiguration;
			buildSettings = {
				ASSETCATALOG_COMPILER_APPICON_NAME = AppIcon;
				CODE_SIGN_IDENTITY = "iPhone Developer";
				CODE_SIGN_STYLE = Automatic;
				DEVELOPMENT_TEAM = W335NUPQPJ;
				INFOPLIST_FILE = PrivacyPermissionExample/Info.plist;
				IPHONEOS_DEPLOYMENT_TARGET = 11.0;
				LD_RUNPATH_SEARCH_PATHS = "$(inherited) @executable_path/Frameworks";
				PRODUCT_BUNDLE_IDENTIFIER = BANYAN.PrivacyPermissionExample;
				PRODUCT_NAME = "$(TARGET_NAME)";
				PROVISIONING_PROFILE_SPECIFIER = "";
				TARGETED_DEVICE_FAMILY = "1,2";
			};
			name = Debug;
		};
		23654C2A1FC197090066EEBF /* Release */ = {
			isa = XCBuildConfiguration;
			buildSettings = {
				ASSETCATALOG_COMPILER_APPICON_NAME = AppIcon;
				CODE_SIGN_IDENTITY = "iPhone Developer";
				CODE_SIGN_STYLE = Automatic;
				DEVELOPMENT_TEAM = W335NUPQPJ;
				INFOPLIST_FILE = PrivacyPermissionExample/Info.plist;
				IPHONEOS_DEPLOYMENT_TARGET = 11.0;
				LD_RUNPATH_SEARCH_PATHS = "$(inherited) @executable_path/Frameworks";
				PRODUCT_BUNDLE_IDENTIFIER = BANYAN.PrivacyPermissionExample;
				PRODUCT_NAME = "$(TARGET_NAME)";
				PROVISIONING_PROFILE_SPECIFIER = "";
				TARGETED_DEVICE_FAMILY = "1,2";
			};
			name = Release;
		};
		23654C2C1FC197090066EEBF /* Debug */ = {
			isa = XCBuildConfiguration;
			buildSettings = {
				BUNDLE_LOADER = "$(TEST_HOST)";
				CODE_SIGN_STYLE = Automatic;
				DEVELOPMENT_TEAM = X7K8D3B6VQ;
				INFOPLIST_FILE = PrivacyPermissionExampleTests/Info.plist;
				LD_RUNPATH_SEARCH_PATHS = "$(inherited) @executable_path/Frameworks @loader_path/Frameworks";
				PRODUCT_BUNDLE_IDENTIFIER = BANYAN.PrivacyPermissionExampleTests;
				PRODUCT_NAME = "$(TARGET_NAME)";
				TARGETED_DEVICE_FAMILY = "1,2";
				TEST_HOST = "$(BUILT_PRODUCTS_DIR)/PrivacyPermissionExample.app/PrivacyPermissionExample";
			};
			name = Debug;
		};
		23654C2D1FC197090066EEBF /* Release */ = {
			isa = XCBuildConfiguration;
			buildSettings = {
				BUNDLE_LOADER = "$(TEST_HOST)";
				CODE_SIGN_STYLE = Automatic;
				DEVELOPMENT_TEAM = X7K8D3B6VQ;
				INFOPLIST_FILE = PrivacyPermissionExampleTests/Info.plist;
				LD_RUNPATH_SEARCH_PATHS = "$(inherited) @executable_path/Frameworks @loader_path/Frameworks";
				PRODUCT_BUNDLE_IDENTIFIER = BANYAN.PrivacyPermissionExampleTests;
				PRODUCT_NAME = "$(TARGET_NAME)";
				TARGETED_DEVICE_FAMILY = "1,2";
				TEST_HOST = "$(BUILT_PRODUCTS_DIR)/PrivacyPermissionExample.app/PrivacyPermissionExample";
			};
			name = Release;
		};
		23654C2F1FC197090066EEBF /* Debug */ = {
			isa = XCBuildConfiguration;
			buildSettings = {
				CODE_SIGN_STYLE = Automatic;
				DEVELOPMENT_TEAM = X7K8D3B6VQ;
				INFOPLIST_FILE = PrivacyPermissionExampleUITests/Info.plist;
				LD_RUNPATH_SEARCH_PATHS = "$(inherited) @executable_path/Frameworks @loader_path/Frameworks";
				PRODUCT_BUNDLE_IDENTIFIER = BANYAN.PrivacyPermissionExampleUITests;
				PRODUCT_NAME = "$(TARGET_NAME)";
				TARGETED_DEVICE_FAMILY = "1,2";
				TEST_TARGET_NAME = PrivacyPermissionExample;
			};
			name = Debug;
		};
		23654C301FC197090066EEBF /* Release */ = {
			isa = XCBuildConfiguration;
			buildSettings = {
				CODE_SIGN_STYLE = Automatic;
				DEVELOPMENT_TEAM = X7K8D3B6VQ;
				INFOPLIST_FILE = PrivacyPermissionExampleUITests/Info.plist;
				LD_RUNPATH_SEARCH_PATHS = "$(inherited) @executable_path/Frameworks @loader_path/Frameworks";
				PRODUCT_BUNDLE_IDENTIFIER = BANYAN.PrivacyPermissionExampleUITests;
				PRODUCT_NAME = "$(TARGET_NAME)";
				TARGETED_DEVICE_FAMILY = "1,2";
				TEST_TARGET_NAME = PrivacyPermissionExample;
			};
			name = Release;
		};
/* End XCBuildConfiguration section */

/* Begin XCConfigurationList section */
		23654BF71FC197090066EEBF /* Build configuration list for PBXProject "PrivacyPermissionExample" */ = {
			isa = XCConfigurationList;
			buildConfigurations = (
				23654C261FC197090066EEBF /* Debug */,
				23654C271FC197090066EEBF /* Release */,
			);
			defaultConfigurationIsVisible = 0;
			defaultConfigurationName = Release;
		};
		23654C281FC197090066EEBF /* Build configuration list for PBXNativeTarget "PrivacyPermissionExample" */ = {
			isa = XCConfigurationList;
			buildConfigurations = (
				23654C291FC197090066EEBF /* Debug */,
				23654C2A1FC197090066EEBF /* Release */,
			);
			defaultConfigurationIsVisible = 0;
			defaultConfigurationName = Release;
		};
		23654C2B1FC197090066EEBF /* Build configuration list for PBXNativeTarget "PrivacyPermissionExampleTests" */ = {
			isa = XCConfigurationList;
			buildConfigurations = (
				23654C2C1FC197090066EEBF /* Debug */,
				23654C2D1FC197090066EEBF /* Release */,
			);
			defaultConfigurationIsVisible = 0;
			defaultConfigurationName = Release;
		};
		23654C2E1FC197090066EEBF /* Build configuration list for PBXNativeTarget "PrivacyPermissionExampleUITests" */ = {
			isa = XCConfigurationList;
			buildConfigurations = (
				23654C2F1FC197090066EEBF /* Debug */,
				23654C301FC197090066EEBF /* Release */,
			);
			defaultConfigurationIsVisible = 0;
			defaultConfigurationName = Release;
		};
/* End XCConfigurationList section */
	};
	rootObject = 23654BF41FC197090066EEBF /* Project object */;
}
